// !$*UTF8*$!
{
	archiveVersion = 1;
	classes = {
	};
	objectVersion = 48;
	objects = {

/* Begin PBXBuildFile section */
		77135FF81FE359A9000B1122 /* FloatExtensions.swift in Sources */ = {isa = PBXBuildFile; fileRef = 77135FF71FE359A9000B1122 /* FloatExtensions.swift */; };
		773F23801FDE81E600D1F7FA /* AppDelegate.swift in Sources */ = {isa = PBXBuildFile; fileRef = 773F237F1FDE81E600D1F7FA /* AppDelegate.swift */; };
		773F23821FDE81E600D1F7FA /* MainViewController.swift in Sources */ = {isa = PBXBuildFile; fileRef = 773F23811FDE81E600D1F7FA /* MainViewController.swift */; };
		773F23851FDE81E600D1F7FA /* Main.storyboard in Resources */ = {isa = PBXBuildFile; fileRef = 773F23831FDE81E600D1F7FA /* Main.storyboard */; };
		773F238A1FDE81E600D1F7FA /* LaunchScreen.storyboard in Resources */ = {isa = PBXBuildFile; fileRef = 773F23881FDE81E600D1F7FA /* LaunchScreen.storyboard */; };
		773F23951FDE81E600D1F7FA /* Coin_WalletTests.swift in Sources */ = {isa = PBXBuildFile; fileRef = 773F23941FDE81E600D1F7FA /* Coin_WalletTests.swift */; };
		774517B81FF5118500715AC5 /* SettingsTableViewController.swift in Sources */ = {isa = PBXBuildFile; fileRef = 774517B71FF5118500715AC5 /* SettingsTableViewController.swift */; };
		774517BB1FF52A0000715AC5 /* Settings.storyboard in Resources */ = {isa = PBXBuildFile; fileRef = 774517B91FF52A0000715AC5 /* Settings.storyboard */; };
		774517BF1FF5339300715AC5 /* SupportDeveloperViewController.swift in Sources */ = {isa = PBXBuildFile; fileRef = 774517BE1FF5339300715AC5 /* SupportDeveloperViewController.swift */; };
		774517C11FF5444800715AC5 /* StoreKit.framework in Frameworks */ = {isa = PBXBuildFile; fileRef = 774517C01FF5444800715AC5 /* StoreKit.framework */; };
		774517C31FF54A9C00715AC5 /* SwiftyStoreKit.framework in Frameworks */ = {isa = PBXBuildFile; fileRef = 774517C21FF54A9C00715AC5 /* SwiftyStoreKit.framework */; };
		774517C41FF54A9C00715AC5 /* SwiftyStoreKit.framework in Embed Frameworks */ = {isa = PBXBuildFile; fileRef = 774517C21FF54A9C00715AC5 /* SwiftyStoreKit.framework */; settings = {ATTRIBUTES = (CodeSignOnCopy, RemoveHeadersOnCopy, ); }; };
		774517C61FF639DA00715AC5 /* CustomImageView.swift in Sources */ = {isa = PBXBuildFile; fileRef = 774517C51FF639DA00715AC5 /* CustomImageView.swift */; };
		774517C91FF6565A00715AC5 /* NetworkActivityIndicatorManager.swift in Sources */ = {isa = PBXBuildFile; fileRef = 774517C81FF6565A00715AC5 /* NetworkActivityIndicatorManager.swift */; };
		7755FD291FE3DAE700624F23 /* Constants.swift in Sources */ = {isa = PBXBuildFile; fileRef = 7755FD281FE3DAE700624F23 /* Constants.swift */; };
		7755FD2B1FE3DB4C00624F23 /* UIColorExtensions.swift in Sources */ = {isa = PBXBuildFile; fileRef = 7755FD2A1FE3DB4C00624F23 /* UIColorExtensions.swift */; };
		7755FD2F1FE40C8200624F23 /* SwipeCellKit.framework in Frameworks */ = {isa = PBXBuildFile; fileRef = 7755FD2E1FE40C8200624F23 /* SwipeCellKit.framework */; };
		7755FD301FE40C8200624F23 /* SwipeCellKit.framework in Embed Frameworks */ = {isa = PBXBuildFile; fileRef = 7755FD2E1FE40C8200624F23 /* SwipeCellKit.framework */; settings = {ATTRIBUTES = (CodeSignOnCopy, RemoveHeadersOnCopy, ); }; };
		7755FD321FE4193500624F23 /* SCLAlertView.framework in Frameworks */ = {isa = PBXBuildFile; fileRef = 7755FD311FE4193500624F23 /* SCLAlertView.framework */; };
		7755FD331FE4193500624F23 /* SCLAlertView.framework in Embed Frameworks */ = {isa = PBXBuildFile; fileRef = 7755FD311FE4193500624F23 /* SCLAlertView.framework */; settings = {ATTRIBUTES = (CodeSignOnCopy, RemoveHeadersOnCopy, ); }; };
		776672772001040A0062A548 /* UIDeviceExtensions.swift in Sources */ = {isa = PBXBuildFile; fileRef = 776672762001040A0062A548 /* UIDeviceExtensions.swift */; };
		7776CD671FE7DC4E000CBF65 /* Assets.xcassets in Resources */ = {isa = PBXBuildFile; fileRef = 7776CD661FE7DC4D000CBF65 /* Assets.xcassets */; };
		7776D5921FDF6158006C42FD /* Disk.framework in Frameworks */ = {isa = PBXBuildFile; fileRef = 7776D5911FDF6158006C42FD /* Disk.framework */; };
		7776D5931FDF6158006C42FD /* Disk.framework in Embed Frameworks */ = {isa = PBXBuildFile; fileRef = 7776D5911FDF6158006C42FD /* Disk.framework */; settings = {ATTRIBUTES = (CodeSignOnCopy, RemoveHeadersOnCopy, ); }; };
		7776D5951FDF6B76006C42FD /* Kingfisher.framework in Frameworks */ = {isa = PBXBuildFile; fileRef = 7776D5941FDF6B75006C42FD /* Kingfisher.framework */; };
		7776D5961FDF6B76006C42FD /* Kingfisher.framework in Embed Frameworks */ = {isa = PBXBuildFile; fileRef = 7776D5941FDF6B75006C42FD /* Kingfisher.framework */; settings = {ATTRIBUTES = (CodeSignOnCopy, RemoveHeadersOnCopy, ); }; };
		777F30591FF3F8DC00B44918 /* NotificationCenter.framework in Frameworks */ = {isa = PBXBuildFile; fileRef = 777F30581FF3F8DC00B44918 /* NotificationCenter.framework */; };
		777F305C1FF3F8DC00B44918 /* TodayViewController.swift in Sources */ = {isa = PBXBuildFile; fileRef = 777F305B1FF3F8DC00B44918 /* TodayViewController.swift */; };
		777F305F1FF3F8DC00B44918 /* MainInterface.storyboard in Resources */ = {isa = PBXBuildFile; fileRef = 777F305D1FF3F8DC00B44918 /* MainInterface.storyboard */; };
		777F30631FF3F8DC00B44918 /* Today Extension.appex in Embed App Extensions */ = {isa = PBXBuildFile; fileRef = 777F30561FF3F8DB00B44918 /* Today Extension.appex */; settings = {ATTRIBUTES = (RemoveHeadersOnCopy, ); }; };
		778E3BC81FDE835C00731CE4 /* SwiftyJSON.framework in Frameworks */ = {isa = PBXBuildFile; fileRef = 778E3BC71FDE835C00731CE4 /* SwiftyJSON.framework */; };
		778E3BC91FDE835C00731CE4 /* SwiftyJSON.framework in Embed Frameworks */ = {isa = PBXBuildFile; fileRef = 778E3BC71FDE835C00731CE4 /* SwiftyJSON.framework */; settings = {ATTRIBUTES = (CodeSignOnCopy, RemoveHeadersOnCopy, ); }; };
		778E3BCF1FDE842600731CE4 /* Coin.swift in Sources */ = {isa = PBXBuildFile; fileRef = 778E3BCE1FDE842600731CE4 /* Coin.swift */; };
		778E3BD21FDE8D8D00731CE4 /* CustomView.swift in Sources */ = {isa = PBXBuildFile; fileRef = 778E3BD11FDE8D8D00731CE4 /* CustomView.swift */; };
		778E3BD41FDE90E500731CE4 /* MainViewControllerTests.swift in Sources */ = {isa = PBXBuildFile; fileRef = 778E3BD31FDE90E500731CE4 /* MainViewControllerTests.swift */; };
		778E3BD71FDE935100731CE4 /* CoinDataService.swift in Sources */ = {isa = PBXBuildFile; fileRef = 778E3BD61FDE935100731CE4 /* CoinDataService.swift */; };
		778E3BD91FDE969200731CE4 /* CoinTableViewCell.swift in Sources */ = {isa = PBXBuildFile; fileRef = 778E3BD81FDE969200731CE4 /* CoinTableViewCell.swift */; };
		778E3BDC1FDEB32400731CE4 /* CoinStructTests.swift in Sources */ = {isa = PBXBuildFile; fileRef = 778E3BDB1FDEB32400731CE4 /* CoinStructTests.swift */; };
		778E3BDE1FDEB87200731CE4 /* CoinManagerTests.swift in Sources */ = {isa = PBXBuildFile; fileRef = 778E3BDD1FDEB87200731CE4 /* CoinManagerTests.swift */; };
		778E3BE21FDEC11A00731CE4 /* CoinDataServiceTests.swift in Sources */ = {isa = PBXBuildFile; fileRef = 778E3BE11FDEC11A00731CE4 /* CoinDataServiceTests.swift */; };
		778E3BE71FDED2B600731CE4 /* CoinTableViewCellTests.swift in Sources */ = {isa = PBXBuildFile; fileRef = 778E3BE61FDED2B600731CE4 /* CoinTableViewCellTests.swift */; };
		778E3BE91FDED2C500731CE4 /* MockExtensions.swift in Sources */ = {isa = PBXBuildFile; fileRef = 778E3BE81FDED2C500731CE4 /* MockExtensions.swift */; };
		778E3BF01FDEE6D600731CE4 /* StringExtensions.swift in Sources */ = {isa = PBXBuildFile; fileRef = 778E3BEF1FDEE6D600731CE4 /* StringExtensions.swift */; };
		778E3BF21FDF110300731CE4 /* AddCoinViewController.swift in Sources */ = {isa = PBXBuildFile; fileRef = 778E3BF11FDF110300731CE4 /* AddCoinViewController.swift */; };
		778E3BF41FDF1CFE00731CE4 /* CustomButton.swift in Sources */ = {isa = PBXBuildFile; fileRef = 778E3BF31FDF1CFE00731CE4 /* CustomButton.swift */; };
		778E3BF61FDF1FEB00731CE4 /* SwiftHTTP.framework in Frameworks */ = {isa = PBXBuildFile; fileRef = 778E3BF51FDF1FEB00731CE4 /* SwiftHTTP.framework */; };
		778E3BF71FDF1FEB00731CE4 /* SwiftHTTP.framework in Embed Frameworks */ = {isa = PBXBuildFile; fileRef = 778E3BF51FDF1FEB00731CE4 /* SwiftHTTP.framework */; settings = {ATTRIBUTES = (CodeSignOnCopy, RemoveHeadersOnCopy, ); }; };
		778E3BF91FDF2C0900731CE4 /* CoinHandler.swift in Sources */ = {isa = PBXBuildFile; fileRef = 778E3BF81FDF2C0900731CE4 /* CoinHandler.swift */; };
		778FF42F1FFBD55D003A8A47 /* RealmManager.swift in Sources */ = {isa = PBXBuildFile; fileRef = 778FF42E1FFBD55D003A8A47 /* RealmManager.swift */; };
		778FF4331FFBD6A2003A8A47 /* RLMCoin.swift in Sources */ = {isa = PBXBuildFile; fileRef = 778FF4321FFBD6A2003A8A47 /* RLMCoin.swift */; };
		778FF4351FFBDFC8003A8A47 /* RealmSwift.framework in Frameworks */ = {isa = PBXBuildFile; fileRef = 778FF4341FFBDFC8003A8A47 /* RealmSwift.framework */; };
		778FF4361FFBDFC8003A8A47 /* RealmSwift.framework in Embed Frameworks */ = {isa = PBXBuildFile; fileRef = 778FF4341FFBDFC8003A8A47 /* RealmSwift.framework */; settings = {ATTRIBUTES = (CodeSignOnCopy, RemoveHeadersOnCopy, ); }; };
		778FF4381FFBDFF5003A8A47 /* Realm.framework in Frameworks */ = {isa = PBXBuildFile; fileRef = 778FF4371FFBDFF5003A8A47 /* Realm.framework */; };
		778FF4391FFBDFF5003A8A47 /* Realm.framework in Embed Frameworks */ = {isa = PBXBuildFile; fileRef = 778FF4371FFBDFF5003A8A47 /* Realm.framework */; settings = {ATTRIBUTES = (CodeSignOnCopy, RemoveHeadersOnCopy, ); }; };
		778FF43B1FFBE62C003A8A47 /* RLMPortfolio.swift in Sources */ = {isa = PBXBuildFile; fileRef = 778FF43A1FFBE62C003A8A47 /* RLMPortfolio.swift */; };
		7793CC5A20039D730031084E /* RLMCoin.swift in Sources */ = {isa = PBXBuildFile; fileRef = 778FF4321FFBD6A2003A8A47 /* RLMCoin.swift */; };
		7793CC5B20039D750031084E /* RLMPortfolio.swift in Sources */ = {isa = PBXBuildFile; fileRef = 778FF43A1FFBE62C003A8A47 /* RLMPortfolio.swift */; };
		7793CC5C20039DA90031084E /* RealmManager.swift in Sources */ = {isa = PBXBuildFile; fileRef = 778FF42E1FFBD55D003A8A47 /* RealmManager.swift */; };
		7793CC5E20039E4E0031084E /* CoinHandler.swift in Sources */ = {isa = PBXBuildFile; fileRef = 778E3BF81FDF2C0900731CE4 /* CoinHandler.swift */; };
		7793CC5F2003C0180031084E /* Constants.swift in Sources */ = {isa = PBXBuildFile; fileRef = 7755FD281FE3DAE700624F23 /* Constants.swift */; };
		77A2FE761FFB99CE00A7D41A /* Fabric.framework in Frameworks */ = {isa = PBXBuildFile; fileRef = 77A2FE751FFB99CE00A7D41A /* Fabric.framework */; };
		77A2FE771FFB99CF00A7D41A /* Fabric.framework in Embed Frameworks */ = {isa = PBXBuildFile; fileRef = 77A2FE751FFB99CE00A7D41A /* Fabric.framework */; settings = {ATTRIBUTES = (CodeSignOnCopy, RemoveHeadersOnCopy, ); }; };
		77A2FE791FFB99DD00A7D41A /* Crashlytics.framework in Frameworks */ = {isa = PBXBuildFile; fileRef = 77A2FE781FFB99DD00A7D41A /* Crashlytics.framework */; };
		77A2FE7A1FFB99DD00A7D41A /* Crashlytics.framework in Embed Frameworks */ = {isa = PBXBuildFile; fileRef = 77A2FE781FFB99DD00A7D41A /* Crashlytics.framework */; settings = {ATTRIBUTES = (CodeSignOnCopy, RemoveHeadersOnCopy, ); }; };
		77B4A61D2003671B00EF6830 /* DateExtensions.swift in Sources */ = {isa = PBXBuildFile; fileRef = 77B4A61C2003671B00EF6830 /* DateExtensions.swift */; };
		77B4A61F20036BBA00EF6830 /* RLMDailyTotalValue.swift in Sources */ = {isa = PBXBuildFile; fileRef = 77B4A61E20036BBA00EF6830 /* RLMDailyTotalValue.swift */; };
		77B4A6242003890100EF6830 /* Realm.framework in Frameworks */ = {isa = PBXBuildFile; fileRef = 778FF4371FFBDFF5003A8A47 /* Realm.framework */; };
		77F8AC811FF6622A00150298 /* PKHUD.framework in Frameworks */ = {isa = PBXBuildFile; fileRef = 77F8AC801FF6622900150298 /* PKHUD.framework */; };
		77F8AC821FF6622A00150298 /* PKHUD.framework in Embed Frameworks */ = {isa = PBXBuildFile; fileRef = 77F8AC801FF6622900150298 /* PKHUD.framework */; settings = {ATTRIBUTES = (CodeSignOnCopy, RemoveHeadersOnCopy, ); }; };
		77F8AC841FF6864A00150298 /* Keys.plist in Resources */ = {isa = PBXBuildFile; fileRef = 77F8AC831FF6864A00150298 /* Keys.plist */; };
		77F8AC861FF6966900150298 /* UITextFieldExtensions.swift in Sources */ = {isa = PBXBuildFile; fileRef = 77F8AC851FF6966900150298 /* UITextFieldExtensions.swift */; };
		77F8AC881FF6A65200150298 /* NavigationViewController.swift in Sources */ = {isa = PBXBuildFile; fileRef = 77F8AC871FF6A65200150298 /* NavigationViewController.swift */; };
		77F8AC8A1FF6A71F00150298 /* Empty.storyboard in Resources */ = {isa = PBXBuildFile; fileRef = 77F8AC891FF6A71F00150298 /* Empty.storyboard */; };
		77F8AC8C1FF6A74700150298 /* EmptyViewController.swift in Sources */ = {isa = PBXBuildFile; fileRef = 77F8AC8B1FF6A74700150298 /* EmptyViewController.swift */; };
/* End PBXBuildFile section */

/* Begin PBXContainerItemProxy section */
		773F23911FDE81E600D1F7FA /* PBXContainerItemProxy */ = {
			isa = PBXContainerItemProxy;
			containerPortal = 773F23741FDE81E600D1F7FA /* Project object */;
			proxyType = 1;
			remoteGlobalIDString = 773F237B1FDE81E600D1F7FA;
			remoteInfo = "Coin Wallet";
		};
		777F30611FF3F8DC00B44918 /* PBXContainerItemProxy */ = {
			isa = PBXContainerItemProxy;
			containerPortal = 773F23741FDE81E600D1F7FA /* Project object */;
			proxyType = 1;
			remoteGlobalIDString = 777F30551FF3F8DB00B44918;
			remoteInfo = "Today Extension";
		};
/* End PBXContainerItemProxy section */

/* Begin PBXCopyFilesBuildPhase section */
		777F30671FF3F8DC00B44918 /* Embed App Extensions */ = {
			isa = PBXCopyFilesBuildPhase;
			buildActionMask = 2147483647;
			dstPath = "";
			dstSubfolderSpec = 13;
			files = (
				777F30631FF3F8DC00B44918 /* Today Extension.appex in Embed App Extensions */,
			);
			name = "Embed App Extensions";
			runOnlyForDeploymentPostprocessing = 0;
		};
		778E3BCA1FDE835C00731CE4 /* Embed Frameworks */ = {
			isa = PBXCopyFilesBuildPhase;
			buildActionMask = 2147483647;
			dstPath = "";
			dstSubfolderSpec = 10;
			files = (
				778FF4391FFBDFF5003A8A47 /* Realm.framework in Embed Frameworks */,
				7776D5931FDF6158006C42FD /* Disk.framework in Embed Frameworks */,
				7755FD301FE40C8200624F23 /* SwipeCellKit.framework in Embed Frameworks */,
				774517C41FF54A9C00715AC5 /* SwiftyStoreKit.framework in Embed Frameworks */,
				778E3BF71FDF1FEB00731CE4 /* SwiftHTTP.framework in Embed Frameworks */,
				7776D5961FDF6B76006C42FD /* Kingfisher.framework in Embed Frameworks */,
				77A2FE771FFB99CF00A7D41A /* Fabric.framework in Embed Frameworks */,
				778FF4361FFBDFC8003A8A47 /* RealmSwift.framework in Embed Frameworks */,
				77A2FE7A1FFB99DD00A7D41A /* Crashlytics.framework in Embed Frameworks */,
				778E3BC91FDE835C00731CE4 /* SwiftyJSON.framework in Embed Frameworks */,
				7755FD331FE4193500624F23 /* SCLAlertView.framework in Embed Frameworks */,
				77F8AC821FF6622A00150298 /* PKHUD.framework in Embed Frameworks */,
			);
			name = "Embed Frameworks";
			runOnlyForDeploymentPostprocessing = 0;
		};
/* End PBXCopyFilesBuildPhase section */

/* Begin PBXFileReference section */
		77135FF71FE359A9000B1122 /* FloatExtensions.swift */ = {isa = PBXFileReference; lastKnownFileType = sourcecode.swift; path = FloatExtensions.swift; sourceTree = "<group>"; };
		773F237C1FDE81E600D1F7FA /* Coin Wallet.app */ = {isa = PBXFileReference; explicitFileType = wrapper.application; includeInIndex = 0; path = "Coin Wallet.app"; sourceTree = BUILT_PRODUCTS_DIR; };
		773F237F1FDE81E600D1F7FA /* AppDelegate.swift */ = {isa = PBXFileReference; lastKnownFileType = sourcecode.swift; path = AppDelegate.swift; sourceTree = "<group>"; };
		773F23811FDE81E600D1F7FA /* MainViewController.swift */ = {isa = PBXFileReference; lastKnownFileType = sourcecode.swift; path = MainViewController.swift; sourceTree = "<group>"; };
		773F23841FDE81E600D1F7FA /* Base */ = {isa = PBXFileReference; lastKnownFileType = file.storyboard; name = Base; path = Base.lproj/Main.storyboard; sourceTree = "<group>"; };
		773F23891FDE81E600D1F7FA /* Base */ = {isa = PBXFileReference; lastKnownFileType = file.storyboard; name = Base; path = Base.lproj/LaunchScreen.storyboard; sourceTree = "<group>"; };
		773F238B1FDE81E600D1F7FA /* Info.plist */ = {isa = PBXFileReference; lastKnownFileType = text.plist.xml; path = Info.plist; sourceTree = "<group>"; };
		773F23901FDE81E600D1F7FA /* Coin WalletTests.xctest */ = {isa = PBXFileReference; explicitFileType = wrapper.cfbundle; includeInIndex = 0; path = "Coin WalletTests.xctest"; sourceTree = BUILT_PRODUCTS_DIR; };
		773F23941FDE81E600D1F7FA /* Coin_WalletTests.swift */ = {isa = PBXFileReference; lastKnownFileType = sourcecode.swift; path = Coin_WalletTests.swift; sourceTree = "<group>"; };
		773F23961FDE81E600D1F7FA /* Info.plist */ = {isa = PBXFileReference; lastKnownFileType = text.plist.xml; path = Info.plist; sourceTree = "<group>"; };
		774517B51FF4065B00715AC5 /* Today Extension.entitlements */ = {isa = PBXFileReference; lastKnownFileType = text.plist.entitlements; path = "Today Extension.entitlements"; sourceTree = "<group>"; };
		774517B61FF4086500715AC5 /* Coin Wallet.entitlements */ = {isa = PBXFileReference; lastKnownFileType = text.plist.entitlements; path = "Coin Wallet.entitlements"; sourceTree = "<group>"; };
		774517B71FF5118500715AC5 /* SettingsTableViewController.swift */ = {isa = PBXFileReference; lastKnownFileType = sourcecode.swift; path = SettingsTableViewController.swift; sourceTree = "<group>"; };
		774517BA1FF52A0000715AC5 /* Base */ = {isa = PBXFileReference; lastKnownFileType = file.storyboard; name = Base; path = "Coin Wallet/Base.lproj/Settings.storyboard"; sourceTree = "<group>"; };
		774517BE1FF5339300715AC5 /* SupportDeveloperViewController.swift */ = {isa = PBXFileReference; lastKnownFileType = sourcecode.swift; path = SupportDeveloperViewController.swift; sourceTree = "<group>"; };
		774517C01FF5444800715AC5 /* StoreKit.framework */ = {isa = PBXFileReference; lastKnownFileType = wrapper.framework; name = StoreKit.framework; path = System/Library/Frameworks/StoreKit.framework; sourceTree = SDKROOT; };
		774517C21FF54A9C00715AC5 /* SwiftyStoreKit.framework */ = {isa = PBXFileReference; lastKnownFileType = wrapper.framework; name = SwiftyStoreKit.framework; path = Carthage/Build/iOS/SwiftyStoreKit.framework; sourceTree = "<group>"; };
		774517C51FF639DA00715AC5 /* CustomImageView.swift */ = {isa = PBXFileReference; lastKnownFileType = sourcecode.swift; path = CustomImageView.swift; sourceTree = "<group>"; };
		774517C81FF6565A00715AC5 /* NetworkActivityIndicatorManager.swift */ = {isa = PBXFileReference; lastKnownFileType = sourcecode.swift; path = NetworkActivityIndicatorManager.swift; sourceTree = "<group>"; };
		7755FD281FE3DAE700624F23 /* Constants.swift */ = {isa = PBXFileReference; lastKnownFileType = sourcecode.swift; path = Constants.swift; sourceTree = "<group>"; };
		7755FD2A1FE3DB4C00624F23 /* UIColorExtensions.swift */ = {isa = PBXFileReference; lastKnownFileType = sourcecode.swift; path = UIColorExtensions.swift; sourceTree = "<group>"; };
		7755FD2E1FE40C8200624F23 /* SwipeCellKit.framework */ = {isa = PBXFileReference; lastKnownFileType = wrapper.framework; name = SwipeCellKit.framework; path = Carthage/Build/iOS/SwipeCellKit.framework; sourceTree = "<group>"; };
		7755FD311FE4193500624F23 /* SCLAlertView.framework */ = {isa = PBXFileReference; lastKnownFileType = wrapper.framework; name = SCLAlertView.framework; path = Carthage/Build/iOS/SCLAlertView.framework; sourceTree = "<group>"; };
		776672762001040A0062A548 /* UIDeviceExtensions.swift */ = {isa = PBXFileReference; lastKnownFileType = sourcecode.swift; path = UIDeviceExtensions.swift; sourceTree = "<group>"; };
		7776CD661FE7DC4D000CBF65 /* Assets.xcassets */ = {isa = PBXFileReference; lastKnownFileType = folder.assetcatalog; path = Assets.xcassets; sourceTree = "<group>"; };
		7776D5911FDF6158006C42FD /* Disk.framework */ = {isa = PBXFileReference; lastKnownFileType = wrapper.framework; name = Disk.framework; path = Carthage/Build/iOS/Disk.framework; sourceTree = "<group>"; };
		7776D5941FDF6B75006C42FD /* Kingfisher.framework */ = {isa = PBXFileReference; lastKnownFileType = wrapper.framework; name = Kingfisher.framework; path = Carthage/Build/iOS/Kingfisher.framework; sourceTree = "<group>"; };
		777F30561FF3F8DB00B44918 /* Today Extension.appex */ = {isa = PBXFileReference; explicitFileType = "wrapper.app-extension"; includeInIndex = 0; path = "Today Extension.appex"; sourceTree = BUILT_PRODUCTS_DIR; };
		777F30581FF3F8DC00B44918 /* NotificationCenter.framework */ = {isa = PBXFileReference; lastKnownFileType = wrapper.framework; name = NotificationCenter.framework; path = System/Library/Frameworks/NotificationCenter.framework; sourceTree = SDKROOT; };
		777F305B1FF3F8DC00B44918 /* TodayViewController.swift */ = {isa = PBXFileReference; lastKnownFileType = sourcecode.swift; path = TodayViewController.swift; sourceTree = "<group>"; };
		777F305E1FF3F8DC00B44918 /* Base */ = {isa = PBXFileReference; lastKnownFileType = file.storyboard; name = Base; path = Base.lproj/MainInterface.storyboard; sourceTree = "<group>"; };
		777F30601FF3F8DC00B44918 /* Info.plist */ = {isa = PBXFileReference; lastKnownFileType = text.plist.xml; path = Info.plist; sourceTree = "<group>"; };
		778E3BC71FDE835C00731CE4 /* SwiftyJSON.framework */ = {isa = PBXFileReference; lastKnownFileType = wrapper.framework; name = SwiftyJSON.framework; path = Carthage/Build/iOS/SwiftyJSON.framework; sourceTree = "<group>"; };
		778E3BCE1FDE842600731CE4 /* Coin.swift */ = {isa = PBXFileReference; lastKnownFileType = sourcecode.swift; path = Coin.swift; sourceTree = "<group>"; };
		778E3BD11FDE8D8D00731CE4 /* CustomView.swift */ = {isa = PBXFileReference; lastKnownFileType = sourcecode.swift; path = CustomView.swift; sourceTree = "<group>"; };
		778E3BD31FDE90E500731CE4 /* MainViewControllerTests.swift */ = {isa = PBXFileReference; lastKnownFileType = sourcecode.swift; path = MainViewControllerTests.swift; sourceTree = "<group>"; };
		778E3BD61FDE935100731CE4 /* CoinDataService.swift */ = {isa = PBXFileReference; lastKnownFileType = sourcecode.swift; path = CoinDataService.swift; sourceTree = "<group>"; };
		778E3BD81FDE969200731CE4 /* CoinTableViewCell.swift */ = {isa = PBXFileReference; lastKnownFileType = sourcecode.swift; path = CoinTableViewCell.swift; sourceTree = "<group>"; };
		778E3BDB1FDEB32400731CE4 /* CoinStructTests.swift */ = {isa = PBXFileReference; lastKnownFileType = sourcecode.swift; path = CoinStructTests.swift; sourceTree = "<group>"; };
		778E3BDD1FDEB87200731CE4 /* CoinManagerTests.swift */ = {isa = PBXFileReference; lastKnownFileType = sourcecode.swift; path = CoinManagerTests.swift; sourceTree = "<group>"; };
		778E3BE11FDEC11A00731CE4 /* CoinDataServiceTests.swift */ = {isa = PBXFileReference; lastKnownFileType = sourcecode.swift; path = CoinDataServiceTests.swift; sourceTree = "<group>"; };
		778E3BE61FDED2B600731CE4 /* CoinTableViewCellTests.swift */ = {isa = PBXFileReference; lastKnownFileType = sourcecode.swift; path = CoinTableViewCellTests.swift; sourceTree = "<group>"; };
		778E3BE81FDED2C500731CE4 /* MockExtensions.swift */ = {isa = PBXFileReference; lastKnownFileType = sourcecode.swift; path = MockExtensions.swift; sourceTree = "<group>"; };
		778E3BEF1FDEE6D600731CE4 /* StringExtensions.swift */ = {isa = PBXFileReference; lastKnownFileType = sourcecode.swift; path = StringExtensions.swift; sourceTree = "<group>"; };
		778E3BF11FDF110300731CE4 /* AddCoinViewController.swift */ = {isa = PBXFileReference; lastKnownFileType = sourcecode.swift; path = AddCoinViewController.swift; sourceTree = "<group>"; };
		778E3BF31FDF1CFE00731CE4 /* CustomButton.swift */ = {isa = PBXFileReference; lastKnownFileType = sourcecode.swift; path = CustomButton.swift; sourceTree = "<group>"; };
		778E3BF51FDF1FEB00731CE4 /* SwiftHTTP.framework */ = {isa = PBXFileReference; lastKnownFileType = wrapper.framework; name = SwiftHTTP.framework; path = Carthage/Build/iOS/SwiftHTTP.framework; sourceTree = "<group>"; };
		778E3BF81FDF2C0900731CE4 /* CoinHandler.swift */ = {isa = PBXFileReference; lastKnownFileType = sourcecode.swift; path = CoinHandler.swift; sourceTree = "<group>"; };
		778FF42E1FFBD55D003A8A47 /* RealmManager.swift */ = {isa = PBXFileReference; lastKnownFileType = sourcecode.swift; path = RealmManager.swift; sourceTree = "<group>"; };
		778FF4321FFBD6A2003A8A47 /* RLMCoin.swift */ = {isa = PBXFileReference; lastKnownFileType = sourcecode.swift; path = RLMCoin.swift; sourceTree = "<group>"; };
		778FF4341FFBDFC8003A8A47 /* RealmSwift.framework */ = {isa = PBXFileReference; lastKnownFileType = wrapper.framework; name = RealmSwift.framework; path = Carthage/Build/iOS/RealmSwift.framework; sourceTree = "<group>"; };
		778FF4371FFBDFF5003A8A47 /* Realm.framework */ = {isa = PBXFileReference; lastKnownFileType = wrapper.framework; name = Realm.framework; path = Carthage/Build/iOS/Realm.framework; sourceTree = "<group>"; };
		778FF43A1FFBE62C003A8A47 /* RLMPortfolio.swift */ = {isa = PBXFileReference; lastKnownFileType = sourcecode.swift; path = RLMPortfolio.swift; sourceTree = "<group>"; };
		77A2FE751FFB99CE00A7D41A /* Fabric.framework */ = {isa = PBXFileReference; lastKnownFileType = wrapper.framework; path = Fabric.framework; sourceTree = "<group>"; };
		77A2FE781FFB99DD00A7D41A /* Crashlytics.framework */ = {isa = PBXFileReference; lastKnownFileType = wrapper.framework; path = Crashlytics.framework; sourceTree = "<group>"; };
		77B4A61C2003671B00EF6830 /* DateExtensions.swift */ = {isa = PBXFileReference; lastKnownFileType = sourcecode.swift; path = DateExtensions.swift; sourceTree = "<group>"; };
		77B4A61E20036BBA00EF6830 /* RLMDailyTotalValue.swift */ = {isa = PBXFileReference; lastKnownFileType = sourcecode.swift; path = RLMDailyTotalValue.swift; sourceTree = "<group>"; };
		77F8AC801FF6622900150298 /* PKHUD.framework */ = {isa = PBXFileReference; lastKnownFileType = wrapper.framework; name = PKHUD.framework; path = Carthage/Build/iOS/PKHUD.framework; sourceTree = "<group>"; };
		77F8AC831FF6864A00150298 /* Keys.plist */ = {isa = PBXFileReference; lastKnownFileType = text.plist.xml; path = Keys.plist; sourceTree = "<group>"; };
		77F8AC851FF6966900150298 /* UITextFieldExtensions.swift */ = {isa = PBXFileReference; lastKnownFileType = sourcecode.swift; path = UITextFieldExtensions.swift; sourceTree = "<group>"; };
		77F8AC871FF6A65200150298 /* NavigationViewController.swift */ = {isa = PBXFileReference; lastKnownFileType = sourcecode.swift; path = NavigationViewController.swift; sourceTree = "<group>"; };
		77F8AC891FF6A71F00150298 /* Empty.storyboard */ = {isa = PBXFileReference; lastKnownFileType = file.storyboard; path = Empty.storyboard; sourceTree = "<group>"; };
		77F8AC8B1FF6A74700150298 /* EmptyViewController.swift */ = {isa = PBXFileReference; lastKnownFileType = sourcecode.swift; path = EmptyViewController.swift; sourceTree = "<group>"; };
/* End PBXFileReference section */

/* Begin PBXFrameworksBuildPhase section */
		773F23791FDE81E600D1F7FA /* Frameworks */ = {
			isa = PBXFrameworksBuildPhase;
			buildActionMask = 2147483647;
			files = (
				774517C11FF5444800715AC5 /* StoreKit.framework in Frameworks */,
				7776D5921FDF6158006C42FD /* Disk.framework in Frameworks */,
				778FF4351FFBDFC8003A8A47 /* RealmSwift.framework in Frameworks */,
				7755FD2F1FE40C8200624F23 /* SwipeCellKit.framework in Frameworks */,
				778E3BF61FDF1FEB00731CE4 /* SwiftHTTP.framework in Frameworks */,
				7776D5951FDF6B76006C42FD /* Kingfisher.framework in Frameworks */,
				778E3BC81FDE835C00731CE4 /* SwiftyJSON.framework in Frameworks */,
				774517C31FF54A9C00715AC5 /* SwiftyStoreKit.framework in Frameworks */,
				778FF4381FFBDFF5003A8A47 /* Realm.framework in Frameworks */,
				7755FD321FE4193500624F23 /* SCLAlertView.framework in Frameworks */,
				77F8AC811FF6622A00150298 /* PKHUD.framework in Frameworks */,
				77A2FE761FFB99CE00A7D41A /* Fabric.framework in Frameworks */,
				77A2FE791FFB99DD00A7D41A /* Crashlytics.framework in Frameworks */,
			);
			runOnlyForDeploymentPostprocessing = 0;
		};
		773F238D1FDE81E600D1F7FA /* Frameworks */ = {
			isa = PBXFrameworksBuildPhase;
			buildActionMask = 2147483647;
			files = (
			);
			runOnlyForDeploymentPostprocessing = 0;
		};
		777F30531FF3F8DB00B44918 /* Frameworks */ = {
			isa = PBXFrameworksBuildPhase;
			buildActionMask = 2147483647;
			files = (
				77B4A6242003890100EF6830 /* Realm.framework in Frameworks */,
				777F30591FF3F8DC00B44918 /* NotificationCenter.framework in Frameworks */,
			);
			runOnlyForDeploymentPostprocessing = 0;
		};
/* End PBXFrameworksBuildPhase section */

/* Begin PBXGroup section */
		773F23731FDE81E600D1F7FA = {
			isa = PBXGroup;
			children = (
				778FF4371FFBDFF5003A8A47 /* Realm.framework */,
				778FF4341FFBDFC8003A8A47 /* RealmSwift.framework */,
				77A2FE781FFB99DD00A7D41A /* Crashlytics.framework */,
				77A2FE751FFB99CE00A7D41A /* Fabric.framework */,
				77F8AC801FF6622900150298 /* PKHUD.framework */,
				7776D5911FDF6158006C42FD /* Disk.framework */,
				7776D5941FDF6B75006C42FD /* Kingfisher.framework */,
				7755FD311FE4193500624F23 /* SCLAlertView.framework */,
				778E3BF51FDF1FEB00731CE4 /* SwiftHTTP.framework */,
				778E3BC71FDE835C00731CE4 /* SwiftyJSON.framework */,
				774517C21FF54A9C00715AC5 /* SwiftyStoreKit.framework */,
				7755FD2E1FE40C8200624F23 /* SwipeCellKit.framework */,
				773F237E1FDE81E600D1F7FA /* Coin Wallet */,
				773F23931FDE81E600D1F7FA /* Coin WalletTests */,
				777F30571FF3F8DC00B44918 /* Frameworks */,
				773F237D1FDE81E600D1F7FA /* Products */,
				777F305A1FF3F8DC00B44918 /* Today Extension */,
			);
			sourceTree = "<group>";
		};
		773F237D1FDE81E600D1F7FA /* Products */ = {
			isa = PBXGroup;
			children = (
				773F237C1FDE81E600D1F7FA /* Coin Wallet.app */,
				773F23901FDE81E600D1F7FA /* Coin WalletTests.xctest */,
				777F30561FF3F8DB00B44918 /* Today Extension.appex */,
			);
			name = Products;
			sourceTree = "<group>";
		};
		773F237E1FDE81E600D1F7FA /* Coin Wallet */ = {
			isa = PBXGroup;
			children = (
				774517B61FF4086500715AC5 /* Coin Wallet.entitlements */,
				773F238B1FDE81E600D1F7FA /* Info.plist */,
				773F237F1FDE81E600D1F7FA /* AppDelegate.swift */,
				778E3BD51FDE933400731CE4 /* Controllers */,
				778E3BEA1FDEE56300731CE4 /* Extensions */,
				778E3BCD1FDE841C00731CE4 /* Models */,
				774517C71FF63A3D00715AC5 /* Storyboards */,
				777F304D1FF3A9EF00B44918 /* Supporting Files */,
				778E3BD01FDE8D6700731CE4 /* Views */,
			);
			path = "Coin Wallet";
			sourceTree = "<group>";
		};
		773F23931FDE81E600D1F7FA /* Coin WalletTests */ = {
			isa = PBXGroup;
			children = (
				778E3BE51FDED2A100731CE4 /* Mocks */,
				778E3BE31FDED26800731CE4 /* ViewTests */,
				778E3BDA1FDEB30B00731CE4 /* TestModels */,
				778E3BCC1FDE83F200731CE4 /* TestControllers */,
				773F23941FDE81E600D1F7FA /* Coin_WalletTests.swift */,
				773F23961FDE81E600D1F7FA /* Info.plist */,
			);
			path = "Coin WalletTests";
			sourceTree = "<group>";
		};
		774517C71FF63A3D00715AC5 /* Storyboards */ = {
			isa = PBXGroup;
			children = (
				773F23831FDE81E600D1F7FA /* Main.storyboard */,
				774517B91FF52A0000715AC5 /* Settings.storyboard */,
				77F8AC891FF6A71F00150298 /* Empty.storyboard */,
			);
			path = Storyboards;
			sourceTree = "<group>";
		};
		777F304D1FF3A9EF00B44918 /* Supporting Files */ = {
			isa = PBXGroup;
			children = (
				77F8AC831FF6864A00150298 /* Keys.plist */,
				7776CD661FE7DC4D000CBF65 /* Assets.xcassets */,
				773F23881FDE81E600D1F7FA /* LaunchScreen.storyboard */,
			);
			path = "Supporting Files";
			sourceTree = "<group>";
		};
		777F30571FF3F8DC00B44918 /* Frameworks */ = {
			isa = PBXGroup;
			children = (
				774517C01FF5444800715AC5 /* StoreKit.framework */,
				777F30581FF3F8DC00B44918 /* NotificationCenter.framework */,
			);
			name = Frameworks;
			sourceTree = "<group>";
		};
		777F305A1FF3F8DC00B44918 /* Today Extension */ = {
			isa = PBXGroup;
			children = (
				774517B51FF4065B00715AC5 /* Today Extension.entitlements */,
				777F305B1FF3F8DC00B44918 /* TodayViewController.swift */,
				777F305D1FF3F8DC00B44918 /* MainInterface.storyboard */,
				777F30601FF3F8DC00B44918 /* Info.plist */,
			);
			path = "Today Extension";
			sourceTree = "<group>";
		};
		778E3BCC1FDE83F200731CE4 /* TestControllers */ = {
			isa = PBXGroup;
			children = (
				778E3BD31FDE90E500731CE4 /* MainViewControllerTests.swift */,
				778E3BE11FDEC11A00731CE4 /* CoinDataServiceTests.swift */,
			);
			path = TestControllers;
			sourceTree = "<group>";
		};
		778E3BCD1FDE841C00731CE4 /* Models */ = {
			isa = PBXGroup;
			children = (
				778E3BCE1FDE842600731CE4 /* Coin.swift */,
				778E3BF81FDF2C0900731CE4 /* CoinHandler.swift */,
				7755FD281FE3DAE700624F23 /* Constants.swift */,
				774517C81FF6565A00715AC5 /* NetworkActivityIndicatorManager.swift */,
				778FF42E1FFBD55D003A8A47 /* RealmManager.swift */,
				778FF4321FFBD6A2003A8A47 /* RLMCoin.swift */,
				778FF43A1FFBE62C003A8A47 /* RLMPortfolio.swift */,
				77B4A61E20036BBA00EF6830 /* RLMDailyTotalValue.swift */,
			);
			path = Models;
			sourceTree = "<group>";
		};
		778E3BD01FDE8D6700731CE4 /* Views */ = {
			isa = PBXGroup;
			children = (
				778E3BD11FDE8D8D00731CE4 /* CustomView.swift */,
				778E3BD81FDE969200731CE4 /* CoinTableViewCell.swift */,
				778E3BF31FDF1CFE00731CE4 /* CustomButton.swift */,
				774517C51FF639DA00715AC5 /* CustomImageView.swift */,
			);
			path = Views;
			sourceTree = "<group>";
		};
		778E3BD51FDE933400731CE4 /* Controllers */ = {
			isa = PBXGroup;
			children = (
				773F23811FDE81E600D1F7FA /* MainViewController.swift */,
				778E3BD61FDE935100731CE4 /* CoinDataService.swift */,
				778E3BF11FDF110300731CE4 /* AddCoinViewController.swift */,
				774517B71FF5118500715AC5 /* SettingsTableViewController.swift */,
				774517BE1FF5339300715AC5 /* SupportDeveloperViewController.swift */,
				77F8AC871FF6A65200150298 /* NavigationViewController.swift */,
				77F8AC8B1FF6A74700150298 /* EmptyViewController.swift */,
			);
			path = Controllers;
			sourceTree = "<group>";
		};
		778E3BDA1FDEB30B00731CE4 /* TestModels */ = {
			isa = PBXGroup;
			children = (
				778E3BDB1FDEB32400731CE4 /* CoinStructTests.swift */,
				778E3BDD1FDEB87200731CE4 /* CoinManagerTests.swift */,
			);
			path = TestModels;
			sourceTree = "<group>";
		};
		778E3BE31FDED26800731CE4 /* ViewTests */ = {
			isa = PBXGroup;
			children = (
				778E3BE61FDED2B600731CE4 /* CoinTableViewCellTests.swift */,
			);
			path = ViewTests;
			sourceTree = "<group>";
		};
		778E3BE51FDED2A100731CE4 /* Mocks */ = {
			isa = PBXGroup;
			children = (
				778E3BE81FDED2C500731CE4 /* MockExtensions.swift */,
			);
			path = Mocks;
			sourceTree = "<group>";
		};
		778E3BEA1FDEE56300731CE4 /* Extensions */ = {
			isa = PBXGroup;
			children = (
				778E3BEF1FDEE6D600731CE4 /* StringExtensions.swift */,
				77135FF71FE359A9000B1122 /* FloatExtensions.swift */,
				7755FD2A1FE3DB4C00624F23 /* UIColorExtensions.swift */,
				77F8AC851FF6966900150298 /* UITextFieldExtensions.swift */,
				776672762001040A0062A548 /* UIDeviceExtensions.swift */,
				77B4A61C2003671B00EF6830 /* DateExtensions.swift */,
			);
			path = Extensions;
			sourceTree = "<group>";
		};
/* End PBXGroup section */

/* Begin PBXNativeTarget section */
		773F237B1FDE81E600D1F7FA /* Coin Wallet */ = {
			isa = PBXNativeTarget;
			buildConfigurationList = 773F23991FDE81E600D1F7FA /* Build configuration list for PBXNativeTarget "Coin Wallet" */;
			buildPhases = (
				773F23781FDE81E600D1F7FA /* Sources */,
				773F23791FDE81E600D1F7FA /* Frameworks */,
				773F237A1FDE81E600D1F7FA /* Resources */,
				778E3BCA1FDE835C00731CE4 /* Embed Frameworks */,
				778E3BCB1FDE836F00731CE4 /* ShellScript */,
				777F30671FF3F8DC00B44918 /* Embed App Extensions */,
			);
			buildRules = (
			);
			dependencies = (
				777F30621FF3F8DC00B44918 /* PBXTargetDependency */,
			);
			name = "Coin Wallet";
			productName = "Coin Wallet";
			productReference = 773F237C1FDE81E600D1F7FA /* Coin Wallet.app */;
			productType = "com.apple.product-type.application";
		};
		773F238F1FDE81E600D1F7FA /* Coin WalletTests */ = {
			isa = PBXNativeTarget;
			buildConfigurationList = 773F239C1FDE81E600D1F7FA /* Build configuration list for PBXNativeTarget "Coin WalletTests" */;
			buildPhases = (
				773F238C1FDE81E600D1F7FA /* Sources */,
				773F238D1FDE81E600D1F7FA /* Frameworks */,
				773F238E1FDE81E600D1F7FA /* Resources */,
			);
			buildRules = (
			);
			dependencies = (
				773F23921FDE81E600D1F7FA /* PBXTargetDependency */,
			);
			name = "Coin WalletTests";
			productName = "Coin WalletTests";
			productReference = 773F23901FDE81E600D1F7FA /* Coin WalletTests.xctest */;
			productType = "com.apple.product-type.bundle.unit-test";
		};
		777F30551FF3F8DB00B44918 /* Today Extension */ = {
			isa = PBXNativeTarget;
			buildConfigurationList = 777F30641FF3F8DC00B44918 /* Build configuration list for PBXNativeTarget "Today Extension" */;
			buildPhases = (
				777F30521FF3F8DB00B44918 /* Sources */,
				777F30531FF3F8DB00B44918 /* Frameworks */,
				777F30541FF3F8DB00B44918 /* Resources */,
			);
			buildRules = (
			);
			dependencies = (
			);
			name = "Today Extension";
			productName = "Today Extension";
			productReference = 777F30561FF3F8DB00B44918 /* Today Extension.appex */;
			productType = "com.apple.product-type.app-extension";
		};
/* End PBXNativeTarget section */

/* Begin PBXProject section */
		773F23741FDE81E600D1F7FA /* Project object */ = {
			isa = PBXProject;
			attributes = {
				LastSwiftUpdateCheck = 0920;
				LastUpgradeCheck = 0920;
				ORGANIZATIONNAME = "Özgür Celebi";
				TargetAttributes = {
					773F237B1FDE81E600D1F7FA = {
						CreatedOnToolsVersion = 9.2;
						ProvisioningStyle = Automatic;
						SystemCapabilities = {
							com.apple.ApplicationGroups.iOS = {
								enabled = 1;
							};
							com.apple.InAppPurchase = {
								enabled = 1;
							};
						};
					};
					773F238F1FDE81E600D1F7FA = {
						CreatedOnToolsVersion = 9.2;
						ProvisioningStyle = Automatic;
						TestTargetID = 773F237B1FDE81E600D1F7FA;
					};
					777F30551FF3F8DB00B44918 = {
						CreatedOnToolsVersion = 9.2;
						ProvisioningStyle = Automatic;
						SystemCapabilities = {
							com.apple.ApplicationGroups.iOS = {
								enabled = 1;
							};
						};
					};
				};
			};
			buildConfigurationList = 773F23771FDE81E600D1F7FA /* Build configuration list for PBXProject "Coin Wallet" */;
			compatibilityVersion = "Xcode 8.0";
			developmentRegion = en;
			hasScannedForEncodings = 0;
			knownRegions = (
				en,
				Base,
			);
			mainGroup = 773F23731FDE81E600D1F7FA;
			productRefGroup = 773F237D1FDE81E600D1F7FA /* Products */;
			projectDirPath = "";
			projectRoot = "";
			targets = (
				773F237B1FDE81E600D1F7FA /* Coin Wallet */,
				773F238F1FDE81E600D1F7FA /* Coin WalletTests */,
				777F30551FF3F8DB00B44918 /* Today Extension */,
			);
		};
/* End PBXProject section */

/* Begin PBXResourcesBuildPhase section */
		773F237A1FDE81E600D1F7FA /* Resources */ = {
			isa = PBXResourcesBuildPhase;
			buildActionMask = 2147483647;
			files = (
				77F8AC8A1FF6A71F00150298 /* Empty.storyboard in Resources */,
				773F238A1FDE81E600D1F7FA /* LaunchScreen.storyboard in Resources */,
				7776CD671FE7DC4E000CBF65 /* Assets.xcassets in Resources */,
				773F23851FDE81E600D1F7FA /* Main.storyboard in Resources */,
				774517BB1FF52A0000715AC5 /* Settings.storyboard in Resources */,
				77F8AC841FF6864A00150298 /* Keys.plist in Resources */,
			);
			runOnlyForDeploymentPostprocessing = 0;
		};
		773F238E1FDE81E600D1F7FA /* Resources */ = {
			isa = PBXResourcesBuildPhase;
			buildActionMask = 2147483647;
			files = (
			);
			runOnlyForDeploymentPostprocessing = 0;
		};
		777F30541FF3F8DB00B44918 /* Resources */ = {
			isa = PBXResourcesBuildPhase;
			buildActionMask = 2147483647;
			files = (
				777F305F1FF3F8DC00B44918 /* MainInterface.storyboard in Resources */,
			);
			runOnlyForDeploymentPostprocessing = 0;
		};
/* End PBXResourcesBuildPhase section */

/* Begin PBXShellScriptBuildPhase section */
		778E3BCB1FDE836F00731CE4 /* ShellScript */ = {
			isa = PBXShellScriptBuildPhase;
			buildActionMask = 2147483647;
			files = (
			);
			inputPaths = (
				"$(SRCROOT)/Carthage/Build/iOS/Disk.framework",
				"$(SRCROOT)/Carthage/Build/iOS/Kingfisher.framework",
				"$(SRCROOT)/Carthage/Build/iOS/SwiftyJSON.framework",
				"$(SRCROOT)/Carthage/Build/iOS/SwiftHTTP.framework",
				"$(SRCROOT)/Carthage/Build/iOS/SwipeCellKit.framework",
				"$(SRCROOT)/Carthage/Build/iOS/SCLAlertView.framework",
				"$(SRCROOT)/Carthage/Build/iOS/PKHUD.framework",
				"$(SRCROOT)/Carthage/Build/iOS/SwiftyStoreKit.framework",
				"$(SRCROOT)/Carthage/Build/iOS/Realm.framework",
				"$(SRCROOT)/Carthage/Build/iOS/RealmSwift.framework",
			);
			outputPaths = (
			);
			runOnlyForDeploymentPostprocessing = 0;
			shellPath = /bin/sh;
			shellScript = "/usr/local/bin/carthage copy-frameworks\n";
		};
/* End PBXShellScriptBuildPhase section */

/* Begin PBXSourcesBuildPhase section */
		773F23781FDE81E600D1F7FA /* Sources */ = {
			isa = PBXSourcesBuildPhase;
			buildActionMask = 2147483647;
			files = (
				778FF43B1FFBE62C003A8A47 /* RLMPortfolio.swift in Sources */,
				776672772001040A0062A548 /* UIDeviceExtensions.swift in Sources */,
				774517BF1FF5339300715AC5 /* SupportDeveloperViewController.swift in Sources */,
				7755FD2B1FE3DB4C00624F23 /* UIColorExtensions.swift in Sources */,
				778E3BD91FDE969200731CE4 /* CoinTableViewCell.swift in Sources */,
				77135FF81FE359A9000B1122 /* FloatExtensions.swift in Sources */,
				77F8AC861FF6966900150298 /* UITextFieldExtensions.swift in Sources */,
				774517C91FF6565A00715AC5 /* NetworkActivityIndicatorManager.swift in Sources */,
				778E3BF01FDEE6D600731CE4 /* StringExtensions.swift in Sources */,
				77F8AC881FF6A65200150298 /* NavigationViewController.swift in Sources */,
				778E3BF21FDF110300731CE4 /* AddCoinViewController.swift in Sources */,
				778E3BD21FDE8D8D00731CE4 /* CustomView.swift in Sources */,
				778E3BCF1FDE842600731CE4 /* Coin.swift in Sources */,
				77F8AC8C1FF6A74700150298 /* EmptyViewController.swift in Sources */,
				778FF42F1FFBD55D003A8A47 /* RealmManager.swift in Sources */,
				778E3BF41FDF1CFE00731CE4 /* CustomButton.swift in Sources */,
				7755FD291FE3DAE700624F23 /* Constants.swift in Sources */,
				773F23821FDE81E600D1F7FA /* MainViewController.swift in Sources */,
				77B4A61D2003671B00EF6830 /* DateExtensions.swift in Sources */,
				774517B81FF5118500715AC5 /* SettingsTableViewController.swift in Sources */,
				77B4A61F20036BBA00EF6830 /* RLMDailyTotalValue.swift in Sources */,
				778E3BF91FDF2C0900731CE4 /* CoinHandler.swift in Sources */,
				778E3BD71FDE935100731CE4 /* CoinDataService.swift in Sources */,
				778FF4331FFBD6A2003A8A47 /* RLMCoin.swift in Sources */,
				774517C61FF639DA00715AC5 /* CustomImageView.swift in Sources */,
				773F23801FDE81E600D1F7FA /* AppDelegate.swift in Sources */,
			);
			runOnlyForDeploymentPostprocessing = 0;
		};
		773F238C1FDE81E600D1F7FA /* Sources */ = {
			isa = PBXSourcesBuildPhase;
			buildActionMask = 2147483647;
			files = (
				778E3BDE1FDEB87200731CE4 /* CoinManagerTests.swift in Sources */,
				773F23951FDE81E600D1F7FA /* Coin_WalletTests.swift in Sources */,
				778E3BE71FDED2B600731CE4 /* CoinTableViewCellTests.swift in Sources */,
				778E3BE21FDEC11A00731CE4 /* CoinDataServiceTests.swift in Sources */,
				778E3BE91FDED2C500731CE4 /* MockExtensions.swift in Sources */,
				778E3BD41FDE90E500731CE4 /* MainViewControllerTests.swift in Sources */,
				778E3BDC1FDEB32400731CE4 /* CoinStructTests.swift in Sources */,
			);
			runOnlyForDeploymentPostprocessing = 0;
		};
		777F30521FF3F8DB00B44918 /* Sources */ = {
			isa = PBXSourcesBuildPhase;
			buildActionMask = 2147483647;
			files = (
				7793CC5E20039E4E0031084E /* CoinHandler.swift in Sources */,
				7793CC5A20039D730031084E /* RLMCoin.swift in Sources */,
				777F305C1FF3F8DC00B44918 /* TodayViewController.swift in Sources */,
				7793CC5C20039DA90031084E /* RealmManager.swift in Sources */,
				7793CC5B20039D750031084E /* RLMPortfolio.swift in Sources */,
				7793CC5F2003C0180031084E /* Constants.swift in Sources */,
			);
			runOnlyForDeploymentPostprocessing = 0;
		};
/* End PBXSourcesBuildPhase section */

/* Begin PBXTargetDependency section */
		773F23921FDE81E600D1F7FA /* PBXTargetDependency */ = {
			isa = PBXTargetDependency;
			target = 773F237B1FDE81E600D1F7FA /* Coin Wallet */;
			targetProxy = 773F23911FDE81E600D1F7FA /* PBXContainerItemProxy */;
		};
		777F30621FF3F8DC00B44918 /* PBXTargetDependency */ = {
			isa = PBXTargetDependency;
			target = 777F30551FF3F8DB00B44918 /* Today Extension */;
			targetProxy = 777F30611FF3F8DC00B44918 /* PBXContainerItemProxy */;
		};
/* End PBXTargetDependency section */

/* Begin PBXVariantGroup section */
		773F23831FDE81E600D1F7FA /* Main.storyboard */ = {
			isa = PBXVariantGroup;
			children = (
				773F23841FDE81E600D1F7FA /* Base */,
			);
			name = Main.storyboard;
			sourceTree = "<group>";
		};
		773F23881FDE81E600D1F7FA /* LaunchScreen.storyboard */ = {
			isa = PBXVariantGroup;
			children = (
				773F23891FDE81E600D1F7FA /* Base */,
			);
			name = LaunchScreen.storyboard;
			sourceTree = "<group>";
		};
		774517B91FF52A0000715AC5 /* Settings.storyboard */ = {
			isa = PBXVariantGroup;
			children = (
				774517BA1FF52A0000715AC5 /* Base */,
			);
			name = Settings.storyboard;
			sourceTree = "<group>";
		};
		777F305D1FF3F8DC00B44918 /* MainInterface.storyboard */ = {
			isa = PBXVariantGroup;
			children = (
				777F305E1FF3F8DC00B44918 /* Base */,
			);
			name = MainInterface.storyboard;
			sourceTree = "<group>";
		};
/* End PBXVariantGroup section */

/* Begin XCBuildConfiguration section */
		773F23971FDE81E600D1F7FA /* Debug */ = {
			isa = XCBuildConfiguration;
			buildSettings = {
				ALWAYS_SEARCH_USER_PATHS = NO;
				CLANG_ANALYZER_NONNULL = YES;
				CLANG_ANALYZER_NUMBER_OBJECT_CONVERSION = YES_AGGRESSIVE;
				CLANG_CXX_LANGUAGE_STANDARD = "gnu++14";
				CLANG_CXX_LIBRARY = "libc++";
				CLANG_ENABLE_MODULES = YES;
				CLANG_ENABLE_OBJC_ARC = YES;
				CLANG_WARN_BLOCK_CAPTURE_AUTORELEASING = YES;
				CLANG_WARN_BOOL_CONVERSION = YES;
				CLANG_WARN_COMMA = YES;
				CLANG_WARN_CONSTANT_CONVERSION = YES;
				CLANG_WARN_DIRECT_OBJC_ISA_USAGE = YES_ERROR;
				CLANG_WARN_DOCUMENTATION_COMMENTS = YES;
				CLANG_WARN_EMPTY_BODY = YES;
				CLANG_WARN_ENUM_CONVERSION = YES;
				CLANG_WARN_INFINITE_RECURSION = YES;
				CLANG_WARN_INT_CONVERSION = YES;
				CLANG_WARN_NON_LITERAL_NULL_CONVERSION = YES;
				CLANG_WARN_OBJC_LITERAL_CONVERSION = YES;
				CLANG_WARN_OBJC_ROOT_CLASS = YES_ERROR;
				CLANG_WARN_RANGE_LOOP_ANALYSIS = YES;
				CLANG_WARN_STRICT_PROTOTYPES = YES;
				CLANG_WARN_SUSPICIOUS_MOVE = YES;
				CLANG_WARN_UNGUARDED_AVAILABILITY = YES_AGGRESSIVE;
				CLANG_WARN_UNREACHABLE_CODE = YES;
				CLANG_WARN__DUPLICATE_METHOD_MATCH = YES;
				CODE_SIGN_IDENTITY = "iPhone Developer";
				COPY_PHASE_STRIP = NO;
				DEBUG_INFORMATION_FORMAT = dwarf;
				ENABLE_STRICT_OBJC_MSGSEND = YES;
				ENABLE_TESTABILITY = YES;
				GCC_C_LANGUAGE_STANDARD = gnu11;
				GCC_DYNAMIC_NO_PIC = NO;
				GCC_NO_COMMON_BLOCKS = YES;
				GCC_OPTIMIZATION_LEVEL = 0;
				GCC_PREPROCESSOR_DEFINITIONS = (
					"DEBUG=1",
					"$(inherited)",
				);
				GCC_WARN_64_TO_32_BIT_CONVERSION = YES;
				GCC_WARN_ABOUT_RETURN_TYPE = YES_ERROR;
				GCC_WARN_UNDECLARED_SELECTOR = YES;
				GCC_WARN_UNINITIALIZED_AUTOS = YES_AGGRESSIVE;
				GCC_WARN_UNUSED_FUNCTION = YES;
				GCC_WARN_UNUSED_VARIABLE = YES;
				IPHONEOS_DEPLOYMENT_TARGET = 11.0;
				MTL_ENABLE_DEBUG_INFO = YES;
				ONLY_ACTIVE_ARCH = YES;
				SDKROOT = iphoneos;
				SWIFT_ACTIVE_COMPILATION_CONDITIONS = DEBUG;
				SWIFT_OPTIMIZATION_LEVEL = "-Onone";
			};
			name = Debug;
		};
		773F23981FDE81E600D1F7FA /* Release */ = {
			isa = XCBuildConfiguration;
			buildSettings = {
				ALWAYS_SEARCH_USER_PATHS = NO;
				CLANG_ANALYZER_NONNULL = YES;
				CLANG_ANALYZER_NUMBER_OBJECT_CONVERSION = YES_AGGRESSIVE;
				CLANG_CXX_LANGUAGE_STANDARD = "gnu++14";
				CLANG_CXX_LIBRARY = "libc++";
				CLANG_ENABLE_MODULES = YES;
				CLANG_ENABLE_OBJC_ARC = YES;
				CLANG_WARN_BLOCK_CAPTURE_AUTORELEASING = YES;
				CLANG_WARN_BOOL_CONVERSION = YES;
				CLANG_WARN_COMMA = YES;
				CLANG_WARN_CONSTANT_CONVERSION = YES;
				CLANG_WARN_DIRECT_OBJC_ISA_USAGE = YES_ERROR;
				CLANG_WARN_DOCUMENTATION_COMMENTS = YES;
				CLANG_WARN_EMPTY_BODY = YES;
				CLANG_WARN_ENUM_CONVERSION = YES;
				CLANG_WARN_INFINITE_RECURSION = YES;
				CLANG_WARN_INT_CONVERSION = YES;
				CLANG_WARN_NON_LITERAL_NULL_CONVERSION = YES;
				CLANG_WARN_OBJC_LITERAL_CONVERSION = YES;
				CLANG_WARN_OBJC_ROOT_CLASS = YES_ERROR;
				CLANG_WARN_RANGE_LOOP_ANALYSIS = YES;
				CLANG_WARN_STRICT_PROTOTYPES = YES;
				CLANG_WARN_SUSPICIOUS_MOVE = YES;
				CLANG_WARN_UNGUARDED_AVAILABILITY = YES_AGGRESSIVE;
				CLANG_WARN_UNREACHABLE_CODE = YES;
				CLANG_WARN__DUPLICATE_METHOD_MATCH = YES;
				CODE_SIGN_IDENTITY = "iPhone Developer";
				COPY_PHASE_STRIP = NO;
				DEBUG_INFORMATION_FORMAT = "dwarf-with-dsym";
				ENABLE_NS_ASSERTIONS = NO;
				ENABLE_STRICT_OBJC_MSGSEND = YES;
				GCC_C_LANGUAGE_STANDARD = gnu11;
				GCC_NO_COMMON_BLOCKS = YES;
				GCC_WARN_64_TO_32_BIT_CONVERSION = YES;
				GCC_WARN_ABOUT_RETURN_TYPE = YES_ERROR;
				GCC_WARN_UNDECLARED_SELECTOR = YES;
				GCC_WARN_UNINITIALIZED_AUTOS = YES_AGGRESSIVE;
				GCC_WARN_UNUSED_FUNCTION = YES;
				GCC_WARN_UNUSED_VARIABLE = YES;
				IPHONEOS_DEPLOYMENT_TARGET = 11.0;
				MTL_ENABLE_DEBUG_INFO = NO;
				SDKROOT = iphoneos;
				SWIFT_OPTIMIZATION_LEVEL = "-Owholemodule";
				VALIDATE_PRODUCT = YES;
			};
			name = Release;
		};
		773F239A1FDE81E600D1F7FA /* Debug */ = {
			isa = XCBuildConfiguration;
			buildSettings = {
				ALWAYS_EMBED_SWIFT_STANDARD_LIBRARIES = YES;
				ASSETCATALOG_COMPILER_APPICON_NAME = AppIcon;
				CODE_SIGN_ENTITLEMENTS = "Coin Wallet/Coin Wallet.entitlements";
				CODE_SIGN_STYLE = Automatic;
				DEBUG_INFORMATION_FORMAT = "dwarf-with-dsym";
				DEVELOPMENT_TEAM = 34MP7UPC72;
				FRAMEWORK_SEARCH_PATHS = (
					"$(inherited)",
					"$(PROJECT_DIR)/Carthage/Build/iOS",
					"$(PROJECT_DIR)",
					"$(PROJECT_DIR)/Coin\\ Wallet",
					"$(PROJECT_DIR)/Coin\\ Wallet",
				);
				INFOPLIST_FILE = "Coin Wallet/Info.plist";
				IPHONEOS_DEPLOYMENT_TARGET = 11.0;
				LD_RUNPATH_SEARCH_PATHS = "$(inherited) @executable_path/Frameworks";
				PRODUCT_BUNDLE_IDENTIFIER = "com.oezguercelebi.Coin-Wallet";
				PRODUCT_NAME = "$(TARGET_NAME)";
				SWIFT_VERSION = 4.0;
				TARGETED_DEVICE_FAMILY = "1,2";
			};
			name = Debug;
		};
		773F239B1FDE81E600D1F7FA /* Release */ = {
			isa = XCBuildConfiguration;
			buildSettings = {
				ALWAYS_EMBED_SWIFT_STANDARD_LIBRARIES = YES;
				ASSETCATALOG_COMPILER_APPICON_NAME = AppIcon;
				CODE_SIGN_ENTITLEMENTS = "Coin Wallet/Coin Wallet.entitlements";
				CODE_SIGN_STYLE = Automatic;
				DEVELOPMENT_TEAM = 34MP7UPC72;
				FRAMEWORK_SEARCH_PATHS = (
					"$(inherited)",
					"$(PROJECT_DIR)/Carthage/Build/iOS",
					"$(PROJECT_DIR)",
					"$(PROJECT_DIR)/Coin\\ Wallet",
					"$(PROJECT_DIR)/Coin\\ Wallet",
				);
				INFOPLIST_FILE = "Coin Wallet/Info.plist";
				IPHONEOS_DEPLOYMENT_TARGET = 11.0;
				LD_RUNPATH_SEARCH_PATHS = "$(inherited) @executable_path/Frameworks";
				PRODUCT_BUNDLE_IDENTIFIER = "com.oezguercelebi.Coin-Wallet";
				PRODUCT_NAME = "$(TARGET_NAME)";
				SWIFT_VERSION = 4.0;
				TARGETED_DEVICE_FAMILY = "1,2";
			};
			name = Release;
		};
		773F239D1FDE81E600D1F7FA /* Debug */ = {
			isa = XCBuildConfiguration;
			buildSettings = {
				ALWAYS_EMBED_SWIFT_STANDARD_LIBRARIES = YES;
				BUNDLE_LOADER = "$(TEST_HOST)";
				CODE_SIGN_STYLE = Automatic;
				DEVELOPMENT_TEAM = 34MP7UPC72;
				INFOPLIST_FILE = "Coin WalletTests/Info.plist";
				LD_RUNPATH_SEARCH_PATHS = "$(inherited) @executable_path/Frameworks @loader_path/Frameworks";
				PRODUCT_BUNDLE_IDENTIFIER = "com.oezguercelebi.Coin-WalletTests";
				PRODUCT_NAME = "$(TARGET_NAME)";
				SWIFT_VERSION = 4.0;
				TARGETED_DEVICE_FAMILY = "1,2";
				TEST_HOST = "$(BUILT_PRODUCTS_DIR)/Coin Wallet.app/Coin Wallet";
			};
			name = Debug;
		};
		773F239E1FDE81E600D1F7FA /* Release */ = {
			isa = XCBuildConfiguration;
			buildSettings = {
				ALWAYS_EMBED_SWIFT_STANDARD_LIBRARIES = YES;
				BUNDLE_LOADER = "$(TEST_HOST)";
				CODE_SIGN_STYLE = Automatic;
				DEVELOPMENT_TEAM = 34MP7UPC72;
				INFOPLIST_FILE = "Coin WalletTests/Info.plist";
				LD_RUNPATH_SEARCH_PATHS = "$(inherited) @executable_path/Frameworks @loader_path/Frameworks";
				PRODUCT_BUNDLE_IDENTIFIER = "com.oezguercelebi.Coin-WalletTests";
				PRODUCT_NAME = "$(TARGET_NAME)";
				SWIFT_VERSION = 4.0;
				TARGETED_DEVICE_FAMILY = "1,2";
				TEST_HOST = "$(BUILT_PRODUCTS_DIR)/Coin Wallet.app/Coin Wallet";
			};
			name = Release;
		};
		777F30651FF3F8DC00B44918 /* Debug */ = {
			isa = XCBuildConfiguration;
			buildSettings = {
				CODE_SIGN_ENTITLEMENTS = "Today Extension/Today Extension.entitlements";
				CODE_SIGN_STYLE = Automatic;
				DEBUG_INFORMATION_FORMAT = dwarf;
				DEVELOPMENT_TEAM = 34MP7UPC72;
				FRAMEWORK_SEARCH_PATHS = (
					"$(inherited)",
					"$(PROJECT_DIR)/Carthage/Build/iOS",
				);
				INFOPLIST_FILE = "Today Extension/Info.plist";
				LD_RUNPATH_SEARCH_PATHS = "$(inherited) @executable_path/Frameworks @executable_path/../../Frameworks";
				PRODUCT_BUNDLE_IDENTIFIER = "com.oezguercelebi.Coin-Wallet.Today-Extension";
				PRODUCT_NAME = "$(TARGET_NAME)";
				SKIP_INSTALL = YES;
				SWIFT_VERSION = 4.0;
				TARGETED_DEVICE_FAMILY = "1,2";
			};
			name = Debug;
		};
		777F30661FF3F8DC00B44918 /* Release */ = {
			isa = XCBuildConfiguration;
			buildSettings = {
				CODE_SIGN_ENTITLEMENTS = "Today Extension/Today Extension.entitlements";
				CODE_SIGN_STYLE = Automatic;
				DEVELOPMENT_TEAM = 34MP7UPC72;
				FRAMEWORK_SEARCH_PATHS = (
					"$(inherited)",
					"$(PROJECT_DIR)/Carthage/Build/iOS",
				);
				INFOPLIST_FILE = "Today Extension/Info.plist";
				LD_RUNPATH_SEARCH_PATHS = "$(inherited) @executable_path/Frameworks @executable_path/../../Frameworks";
				PRODUCT_BUNDLE_IDENTIFIER = "com.oezguercelebi.Coin-Wallet.Today-Extension";
				PRODUCT_NAME = "$(TARGET_NAME)";
				SKIP_INSTALL = YES;
				SWIFT_VERSION = 4.0;
				TARGETED_DEVICE_FAMILY = "1,2";
			};
			name = Release;
		};
/* End XCBuildConfiguration section */

/* Begin XCConfigurationList section */
		773F23771FDE81E600D1F7FA /* Build configuration list for PBXProject "Coin Wallet" */ = {
			isa = XCConfigurationList;
			buildConfigurations = (
				773F23971FDE81E600D1F7FA /* Debug */,
				773F23981FDE81E600D1F7FA /* Release */,
			);
			defaultConfigurationIsVisible = 0;
			defaultConfigurationName = Release;
		};
		773F23991FDE81E600D1F7FA /* Build configuration list for PBXNativeTarget "Coin Wallet" */ = {
			isa = XCConfigurationList;
			buildConfigurations = (
				773F239A1FDE81E600D1F7FA /* Debug */,
				773F239B1FDE81E600D1F7FA /* Release */,
			);
			defaultConfigurationIsVisible = 0;
			defaultConfigurationName = Release;
		};
		773F239C1FDE81E600D1F7FA /* Build configuration list for PBXNativeTarget "Coin WalletTests" */ = {
			isa = XCConfigurationList;
			buildConfigurations = (
				773F239D1FDE81E600D1F7FA /* Debug */,
				773F239E1FDE81E600D1F7FA /* Release */,
			);
			defaultConfigurationIsVisible = 0;
			defaultConfigurationName = Release;
		};
		777F30641FF3F8DC00B44918 /* Build configuration list for PBXNativeTarget "Today Extension" */ = {
			isa = XCConfigurationList;
			buildConfigurations = (
				777F30651FF3F8DC00B44918 /* Debug */,
				777F30661FF3F8DC00B44918 /* Release */,
			);
			defaultConfigurationIsVisible = 0;
			defaultConfigurationName = Release;
		};
/* End XCConfigurationList section */
	};
	rootObject = 773F23741FDE81E600D1F7FA /* Project object */;
}
